
Microsoft Visual Studio Solution File, Format Version 12.00
# Visual Studio 15
VisualStudioVersion = 15.0.28010.2041
MinimumVisualStudioVersion = 10.0.40219.1
Project("{FAE04EC0-301F-11D3-BF4B-00C04F79EFBC}") = "賓果12.1(1)", "賓果12.1(1)\賓果12.1(1).csproj", "{103E99B9-9E5F-43A6-9188-617CC557FF2C}"
EndProject
Global
	GlobalSection(SolutionConfigurationPlatforms) = preSolution
		Debug|Any CPU = Debug|Any CPU
		Release|Any CPU = Release|Any CPU
	EndGlobalSection
	GlobalSection(ProjectConfigurationPlatforms) = postSolution
		{103E99B9-9E5F-43A6-9188-617CC557FF2C}.Debug|Any CPU.ActiveCfg = Debug|Any CPU
		{103E99B9-9E5F-43A6-9188-617CC557FF2C}.Debug|Any CPU.Build.0 = Debug|Any CPU
		{103E99B9-9E5F-43A6-9188-617CC557FF2C}.Release|Any CPU.ActiveCfg = Release|Any CPU
		{103E99B9-9E5F-43A6-9188-617CC557FF2C}.Release|Any CPU.Build.0 = Release|Any CPU
	EndGlobalSection
	GlobalSection(SolutionProperties) = preSolution
		HideSolutionNode = FALSE
	EndGlobalSection
	GlobalSection(ExtensibilityGlobals) = postSolution
		SolutionGuid = {B8B3E44E-94D4-4176-B7FE-5D446149C9EE}
	EndGlobalSection
EndGlobal
